
Microsoft Visual Studio Solution File, Format Version 12.00
# Visual Studio Version 16
VisualStudioVersion = 16.0.31624.102
MinimumVisualStudioVersion = 10.0.40219.1
Project("{FAE04EC0-301F-11D3-BF4B-00C04F79EFBC}") = "7", "7.csproj", "{A8E8CF21-5AF7-4B45-8EB8-1B2A5187A113}"
EndProject
Global
	GlobalSection(SolutionConfigurationPlatforms) = preSolution
		Debug|Any CPU = Debug|Any CPU
		Release|Any CPU = Release|Any CPU
	EndGlobalSection
	GlobalSection(ProjectConfigurationPlatforms) = postSolution
		{A8E8CF21-5AF7-4B45-8EB8-1B2A5187A113}.Debug|Any CPU.ActiveCfg = Debug|Any CPU
		{A8E8CF21-5AF7-4B45-8EB8-1B2A5187A113}.Debug|Any CPU.Build.0 = Debug|Any CPU
		{A8E8CF21-5AF7-4B45-8EB8-1B2A5187A113}.Release|Any CPU.ActiveCfg = Release|Any CPU
		{A8E8CF21-5AF7-4B45-8EB8-1B2A5187A113}.Release|Any CPU.Build.0 = Release|Any CPU
	EndGlobalSection
	GlobalSection(SolutionProperties) = preSolution
		HideSolutionNode = FALSE
	EndGlobalSection
	GlobalSection(ExtensibilityGlobals) = postSolution
		SolutionGuid = {EA20F8C7-4DF1-4DDE-BC4C-A1FB45C12883}
	EndGlobalSection
EndGlobal
