
Microsoft Visual Studio Solution File, Format Version 12.00
# Visual Studio Version 16
VisualStudioVersion = 16.0.31624.102
MinimumVisualStudioVersion = 10.0.40219.1
Project("{FAE04EC0-301F-11D3-BF4B-00C04F79EFBC}") = "4", "4.csproj", "{B169619D-0778-4A55-9301-CC9529E05BFA}"
EndProject
Global
	GlobalSection(SolutionConfigurationPlatforms) = preSolution
		Debug|Any CPU = Debug|Any CPU
		Release|Any CPU = Release|Any CPU
	EndGlobalSection
	GlobalSection(ProjectConfigurationPlatforms) = postSolution
		{B169619D-0778-4A55-9301-CC9529E05BFA}.Debug|Any CPU.ActiveCfg = Debug|Any CPU
		{B169619D-0778-4A55-9301-CC9529E05BFA}.Debug|Any CPU.Build.0 = Debug|Any CPU
		{B169619D-0778-4A55-9301-CC9529E05BFA}.Release|Any CPU.ActiveCfg = Release|Any CPU
		{B169619D-0778-4A55-9301-CC9529E05BFA}.Release|Any CPU.Build.0 = Release|Any CPU
	EndGlobalSection
	GlobalSection(SolutionProperties) = preSolution
		HideSolutionNode = FALSE
	EndGlobalSection
	GlobalSection(ExtensibilityGlobals) = postSolution
		SolutionGuid = {CEC82607-C577-4696-A815-43D92ECE5ED3}
	EndGlobalSection
EndGlobal
