
Microsoft Visual Studio Solution File, Format Version 12.00
# Visual Studio Version 16
VisualStudioVersion = 16.0.31624.102
MinimumVisualStudioVersion = 10.0.40219.1
Project("{FAE04EC0-301F-11D3-BF4B-00C04F79EFBC}") = "4", "4.csproj", "{3ED3AD81-D3FF-4075-BCB3-23AD8D946BD2}"
EndProject
Global
	GlobalSection(SolutionConfigurationPlatforms) = preSolution
		Debug|Any CPU = Debug|Any CPU
		Release|Any CPU = Release|Any CPU
	EndGlobalSection
	GlobalSection(ProjectConfigurationPlatforms) = postSolution
		{3ED3AD81-D3FF-4075-BCB3-23AD8D946BD2}.Debug|Any CPU.ActiveCfg = Debug|Any CPU
		{3ED3AD81-D3FF-4075-BCB3-23AD8D946BD2}.Debug|Any CPU.Build.0 = Debug|Any CPU
		{3ED3AD81-D3FF-4075-BCB3-23AD8D946BD2}.Release|Any CPU.ActiveCfg = Release|Any CPU
		{3ED3AD81-D3FF-4075-BCB3-23AD8D946BD2}.Release|Any CPU.Build.0 = Release|Any CPU
	EndGlobalSection
	GlobalSection(SolutionProperties) = preSolution
		HideSolutionNode = FALSE
	EndGlobalSection
	GlobalSection(ExtensibilityGlobals) = postSolution
		SolutionGuid = {C10F9A38-14EB-4793-8B41-F81C25766535}
	EndGlobalSection
EndGlobal
