
Microsoft Visual Studio Solution File, Format Version 12.00
# Visual Studio Version 16
VisualStudioVersion = 16.0.31624.102
MinimumVisualStudioVersion = 10.0.40219.1
Project("{FAE04EC0-301F-11D3-BF4B-00C04F79EFBC}") = "1", "1.csproj", "{0F6D83F4-A8F3-4434-91B0-8E2185E9BA99}"
EndProject
Global
	GlobalSection(SolutionConfigurationPlatforms) = preSolution
		Debug|Any CPU = Debug|Any CPU
		Release|Any CPU = Release|Any CPU
	EndGlobalSection
	GlobalSection(ProjectConfigurationPlatforms) = postSolution
		{0F6D83F4-A8F3-4434-91B0-8E2185E9BA99}.Debug|Any CPU.ActiveCfg = Debug|Any CPU
		{0F6D83F4-A8F3-4434-91B0-8E2185E9BA99}.Debug|Any CPU.Build.0 = Debug|Any CPU
		{0F6D83F4-A8F3-4434-91B0-8E2185E9BA99}.Release|Any CPU.ActiveCfg = Release|Any CPU
		{0F6D83F4-A8F3-4434-91B0-8E2185E9BA99}.Release|Any CPU.Build.0 = Release|Any CPU
	EndGlobalSection
	GlobalSection(SolutionProperties) = preSolution
		HideSolutionNode = FALSE
	EndGlobalSection
	GlobalSection(ExtensibilityGlobals) = postSolution
		SolutionGuid = {F49DDA2E-5DE8-4090-9B4B-A2516BE9FEFA}
	EndGlobalSection
EndGlobal
